
Microsoft Visual Studio Solution File, Format Version 12.00
# Visual Studio Version 17
VisualStudioVersion = 17.12.35527.113
MinimumVisualStudioVersion = 10.0.40219.1
Project("{FAE04EC0-301F-11D3-BF4B-00C04F79EFBC}") = "FinanceTracker.Domain", "FinanceTracker.Data\FinanceTracker.Domain.csproj", "{B063720E-E60F-4B13-B0C3-D2303504C062}"
EndProject
Project("{FAE04EC0-301F-11D3-BF4B-00C04F79EFBC}") = "FinanceTracker.EntityFramework", "FinanceTracker.EntityFramework\FinanceTracker.EntityFramework.csproj", "{27C9DBAD-484B-40B9-9488-080772EA203A}"
EndProject
Project("{FAE04EC0-301F-11D3-BF4B-00C04F79EFBC}") = "FinanceTracker.WPF", "FinanceTracker.WPF\FinanceTracker.WPF.csproj", "{AEA83A6C-0018-45CF-97D5-9B2DFA2CFAB0}"
EndProject
Global
	GlobalSection(SolutionConfigurationPlatforms) = preSolution
		Debug|Any CPU = Debug|Any CPU
		Release|Any CPU = Release|Any CPU
	EndGlobalSection
	GlobalSection(ProjectConfigurationPlatforms) = postSolution
		{B063720E-E60F-4B13-B0C3-D2303504C062}.Debug|Any CPU.ActiveCfg = Debug|Any CPU
		{B063720E-E60F-4B13-B0C3-D2303504C062}.Debug|Any CPU.Build.0 = Debug|Any CPU
		{B063720E-E60F-4B13-B0C3-D2303504C062}.Release|Any CPU.ActiveCfg = Release|Any CPU
		{B063720E-E60F-4B13-B0C3-D2303504C062}.Release|Any CPU.Build.0 = Release|Any CPU
		{27C9DBAD-484B-40B9-9488-080772EA203A}.Debug|Any CPU.ActiveCfg = Debug|Any CPU
		{27C9DBAD-484B-40B9-9488-080772EA203A}.Debug|Any CPU.Build.0 = Debug|Any CPU
		{27C9DBAD-484B-40B9-9488-080772EA203A}.Release|Any CPU.ActiveCfg = Release|Any CPU
		{27C9DBAD-484B-40B9-9488-080772EA203A}.Release|Any CPU.Build.0 = Release|Any CPU
		{AEA83A6C-0018-45CF-97D5-9B2DFA2CFAB0}.Debug|Any CPU.ActiveCfg = Debug|Any CPU
		{AEA83A6C-0018-45CF-97D5-9B2DFA2CFAB0}.Debug|Any CPU.Build.0 = Debug|Any CPU
		{AEA83A6C-0018-45CF-97D5-9B2DFA2CFAB0}.Release|Any CPU.ActiveCfg = Release|Any CPU
		{AEA83A6C-0018-45CF-97D5-9B2DFA2CFAB0}.Release|Any CPU.Build.0 = Release|Any CPU
	EndGlobalSection
	GlobalSection(SolutionProperties) = preSolution
		HideSolutionNode = FALSE
	EndGlobalSection
EndGlobal
